# THIS IS AN AUTOGENERATED FILE. DO NOT EDIT THIS FILE DIRECTLY.
# yarn lockfile v1


"@types/prop-types@*":
  version "15.7.0"
  resolved "https://registry.yarnpkg.com/@types/prop-types/-/prop-types-15.7.0.tgz#4c48fed958d6dcf9487195a0ef6456d5f6e0163a"
  integrity sha512-eItQyV43bj4rR3JPV0Skpl1SncRCdziTEK9/v8VwXmV6d/qOUO8/EuWeHBbCZcsfSHfzI5UyMJLCSXtxxznyZg==

"@types/react-dom@^16.8.3":
  version "16.8.3"
  resolved "https://registry.yarnpkg.com/@types/react-dom/-/react-dom-16.8.3.tgz#6131b7b6158bc7ed1925a3374b88b7c00481f0cb"
  integrity sha512-HF5hD5YR3z9Mn6kXcW1VKe4AQ04ZlZj1EdLBae61hzQ3eEWWxMgNLUbIxeZp40BnSxqY1eAYLsH9QopQcxzScA==
  dependencies:
    "@types/react" "*"

"@types/react@*", "@types/react@^16.8.10":
  version "16.8.10"
  resolved "https://registry.yarnpkg.com/@types/react/-/react-16.8.10.tgz#1ccb6fde17f71a62ef055382ec68bdc379d4d8d9"
  integrity sha512-7bUQeZKP4XZH/aB4i7k1i5yuwymDu/hnLMhD9NjVZvQQH7ZUgRN3d6iu8YXzx4sN/tNr0bj8jgguk8hhObzGvA==
  dependencies:
    "@types/prop-types" "*"
    csstype "^2.2.0"

csstype@^2.2.0:
  version "2.6.3"
  resolved "https://registry.yarnpkg.com/csstype/-/csstype-2.6.3.tgz#b701e5968245bf9b08d54ac83d00b624e622a9fa"
  integrity sha512-rINUZXOkcBmoHWEyu7JdHu5JMzkGRoMX4ov9830WNgxf5UYxcBUO0QTKAqeJ5EZfSdlrcJYkC8WwfVW7JYi4yg==

typescript@^3.4.1:
  version "3.4.1"
  resolved "https://registry.yarnpkg.com/typescript/-/typescript-3.4.1.tgz#b6691be11a881ffa9a05765a205cb7383f3b63c6"
  integrity sha512-3NSMb2VzDQm8oBTLH6Nj55VVtUEpe/rgkIzMir0qVoLyjDZlnMBva0U6vDiV3IH+sl/Yu6oP5QwsAQtHPmDd2Q==
